
Microsoft Visual Studio Solution File, Format Version 12.00
# Visual Studio Version 16
VisualStudioVersion = 16.0.30626.31
MinimumVisualStudioVersion = 10.0.40219.1
Project("{9A19103F-16F7-4668-BE54-9A1E7A4F7556}") = "Chart", "Chart.csproj", "{9A5B233C-CD98-44D9-9B0F-20C27A8545C1}"
EndProject
Global
	GlobalSection(SolutionConfigurationPlatforms) = preSolution
		Debug|Any CPU = Debug|Any CPU
		Release|Any CPU = Release|Any CPU
	EndGlobalSection
	GlobalSection(ProjectConfigurationPlatforms) = postSolution
		{9A5B233C-CD98-44D9-9B0F-20C27A8545C1}.Debug|Any CPU.ActiveCfg = Debug|Any CPU
		{9A5B233C-CD98-44D9-9B0F-20C27A8545C1}.Debug|Any CPU.Build.0 = Debug|Any CPU
		{9A5B233C-CD98-44D9-9B0F-20C27A8545C1}.Release|Any CPU.ActiveCfg = Release|Any CPU
		{9A5B233C-CD98-44D9-9B0F-20C27A8545C1}.Release|Any CPU.Build.0 = Release|Any CPU
	EndGlobalSection
	GlobalSection(SolutionProperties) = preSolution
		HideSolutionNode = FALSE
	EndGlobalSection
	GlobalSection(ExtensibilityGlobals) = postSolution
		SolutionGuid = {1431BBDF-88B9-4DC9-B7FE-EC5678140020}
	EndGlobalSection
EndGlobal
