
Microsoft Visual Studio Solution File, Format Version 12.00
# Visual Studio Version 16
VisualStudioVersion = 16.0.30626.31
MinimumVisualStudioVersion = 10.0.40219.1
Project("{9A19103F-16F7-4668-BE54-9A1E7A4F7556}") = "Chart", "Chart.csproj", "{CCD74EBB-4534-4085-B777-319CB967D725}"
EndProject
Global
	GlobalSection(SolutionConfigurationPlatforms) = preSolution
		Debug|Any CPU = Debug|Any CPU
		Release|Any CPU = Release|Any CPU
	EndGlobalSection
	GlobalSection(ProjectConfigurationPlatforms) = postSolution
		{CCD74EBB-4534-4085-B777-319CB967D725}.Debug|Any CPU.ActiveCfg = Debug|Any CPU
		{CCD74EBB-4534-4085-B777-319CB967D725}.Debug|Any CPU.Build.0 = Debug|Any CPU
		{CCD74EBB-4534-4085-B777-319CB967D725}.Release|Any CPU.ActiveCfg = Release|Any CPU
		{CCD74EBB-4534-4085-B777-319CB967D725}.Release|Any CPU.Build.0 = Release|Any CPU
	EndGlobalSection
	GlobalSection(SolutionProperties) = preSolution
		HideSolutionNode = FALSE
	EndGlobalSection
	GlobalSection(ExtensibilityGlobals) = postSolution
		SolutionGuid = {FC7318CA-77E9-46BD-A314-463D0A4ACC29}
	EndGlobalSection
EndGlobal
